{
  "name": "AudioTest",
  "lockfileVersion": 3,
  "requires": true,
  "packages": {
    "": {
      "name": "AudioTest",
      "dependencies": {
        "js-audio-recorder": "^1.0.7",
        "web-audio-recorder": "^1.0.5"
      }
    },
    "node_modules/js-audio-recorder": {
      "version": "1.0.7",
      "resolved": "https://registry.npmjs.org/js-audio-recorder/-/js-audio-recorder-1.0.7.tgz",
      "integrity": "sha512-JiDODCElVHGrFyjGYwYyNi7zCbKk9va9C77w+zCPMmi4C6ix7zsX2h3ddHugmo4dOTOTCym9++b/wVW9nC0IaA==",
      "license": "MIT"
    },
    "node_modules/web-audio-recorder": {
      "version": "1.0.5",
      "resolved": "https://registry.npmjs.org/web-audio-recorder/-/web-audio-recorder-1.0.5.tgz",
      "integrity": "sha512-RhEa+jGlz6Y34ipX0JIpJeDYPezBgbEOtgr3S14CZAdFKJxmsKKK8vkQ5mjDsWveyd/vXCRh4XjVWv4g13coZg==",
      "license": "ISC"
    }
  }
}
